
Microsoft Visual Studio Solution File, Format Version 12.00
# Visual Studio Version 16
VisualStudioVersion = 16.0.31205.134
MinimumVisualStudioVersion = 10.0.40219.1
Project("{FAE04EC0-301F-11D3-BF4B-00C04F79EFBC}") = "TiendaProducto_Server", "TiendaProducto_Server\TiendaProducto_Server.csproj", "{59E3A84C-1FE1-4DCE-B1D9-FA0467A1E307}"
EndProject
Global
	GlobalSection(SolutionConfigurationPlatforms) = preSolution
		Debug|Any CPU = Debug|Any CPU
		Release|Any CPU = Release|Any CPU
	EndGlobalSection
	GlobalSection(ProjectConfigurationPlatforms) = postSolution
		{59E3A84C-1FE1-4DCE-B1D9-FA0467A1E307}.Debug|Any CPU.ActiveCfg = Debug|Any CPU
		{59E3A84C-1FE1-4DCE-B1D9-FA0467A1E307}.Debug|Any CPU.Build.0 = Debug|Any CPU
		{59E3A84C-1FE1-4DCE-B1D9-FA0467A1E307}.Release|Any CPU.ActiveCfg = Release|Any CPU
		{59E3A84C-1FE1-4DCE-B1D9-FA0467A1E307}.Release|Any CPU.Build.0 = Release|Any CPU
	EndGlobalSection
	GlobalSection(SolutionProperties) = preSolution
		HideSolutionNode = FALSE
	EndGlobalSection
	GlobalSection(ExtensibilityGlobals) = postSolution
		SolutionGuid = {51F84A6F-B2F6-4416-982A-8CBAC132DCB8}
	EndGlobalSection
EndGlobal
